
Microsoft Visual Studio Solution File, Format Version 12.00
# Visual Studio 15
VisualStudioVersion = 15.0.28307.757
MinimumVisualStudioVersion = 10.0.40219.1
Project("{FAE04EC0-301F-11D3-BF4B-00C04F79EFBC}") = "WebServiceSivigila", "WebServiceSivigila\WebServiceSivigila.csproj", "{965EDCA1-A6F1-4CBB-B1CF-380E7CE81F91}"
EndProject
Project("{FAE04EC0-301F-11D3-BF4B-00C04F79EFBC}") = "consumoWebServiceSivigila", "consumoWebServiceSivigila\consumoWebServiceSivigila.csproj", "{601520A4-2C38-49A1-9D14-7A9CEC733BB2}"
EndProject
Global
	GlobalSection(SolutionConfigurationPlatforms) = preSolution
		Debug|Any CPU = Debug|Any CPU
		Release|Any CPU = Release|Any CPU
	EndGlobalSection
	GlobalSection(ProjectConfigurationPlatforms) = postSolution
		{965EDCA1-A6F1-4CBB-B1CF-380E7CE81F91}.Debug|Any CPU.ActiveCfg = Debug|Any CPU
		{965EDCA1-A6F1-4CBB-B1CF-380E7CE81F91}.Debug|Any CPU.Build.0 = Debug|Any CPU
		{965EDCA1-A6F1-4CBB-B1CF-380E7CE81F91}.Release|Any CPU.ActiveCfg = Release|Any CPU
		{965EDCA1-A6F1-4CBB-B1CF-380E7CE81F91}.Release|Any CPU.Build.0 = Release|Any CPU
		{601520A4-2C38-49A1-9D14-7A9CEC733BB2}.Debug|Any CPU.ActiveCfg = Debug|Any CPU
		{601520A4-2C38-49A1-9D14-7A9CEC733BB2}.Debug|Any CPU.Build.0 = Debug|Any CPU
		{601520A4-2C38-49A1-9D14-7A9CEC733BB2}.Release|Any CPU.ActiveCfg = Release|Any CPU
		{601520A4-2C38-49A1-9D14-7A9CEC733BB2}.Release|Any CPU.Build.0 = Release|Any CPU
	EndGlobalSection
	GlobalSection(SolutionProperties) = preSolution
		HideSolutionNode = FALSE
	EndGlobalSection
	GlobalSection(ExtensibilityGlobals) = postSolution
		SolutionGuid = {A12D05AD-40FD-4F1E-AB32-E4E45E6E62FC}
	EndGlobalSection
EndGlobal
